
Microsoft Visual Studio Solution File, Format Version 12.00
Project("{FAE04EC0-301F-11D3-BF4B-00C04F79EFBC}") = "Canban", "Canban\Canban.csproj", "{1DACE1CB-96F4-463F-B059-3E4D5AF0CC3E}"
EndProject
Project("{FAE04EC0-301F-11D3-BF4B-00C04F79EFBC}") = "Canban.UnitTests", "Canban.UnitTests\Canban.UnitTests.csproj", "{39AE89F5-170D-4159-B2E3-774A74A55A04}"
EndProject
Global
	GlobalSection(SolutionConfigurationPlatforms) = preSolution
		Debug|Any CPU = Debug|Any CPU
		Release|Any CPU = Release|Any CPU
	EndGlobalSection
	GlobalSection(ProjectConfigurationPlatforms) = postSolution
		{1DACE1CB-96F4-463F-B059-3E4D5AF0CC3E}.Debug|Any CPU.ActiveCfg = Debug|Any CPU
		{1DACE1CB-96F4-463F-B059-3E4D5AF0CC3E}.Debug|Any CPU.Build.0 = Debug|Any CPU
		{1DACE1CB-96F4-463F-B059-3E4D5AF0CC3E}.Release|Any CPU.ActiveCfg = Release|Any CPU
		{1DACE1CB-96F4-463F-B059-3E4D5AF0CC3E}.Release|Any CPU.Build.0 = Release|Any CPU
		{39AE89F5-170D-4159-B2E3-774A74A55A04}.Debug|Any CPU.ActiveCfg = Debug|Any CPU
		{39AE89F5-170D-4159-B2E3-774A74A55A04}.Debug|Any CPU.Build.0 = Debug|Any CPU
		{39AE89F5-170D-4159-B2E3-774A74A55A04}.Release|Any CPU.ActiveCfg = Release|Any CPU
		{39AE89F5-170D-4159-B2E3-774A74A55A04}.Release|Any CPU.Build.0 = Release|Any CPU
	EndGlobalSection
EndGlobal
